
Microsoft Visual Studio Solution File, Format Version 12.00
# Visual Studio Version 17
VisualStudioVersion = 17.4.33110.190
MinimumVisualStudioVersion = 10.0.40219.1
Project("{FAE04EC0-301F-11D3-BF4B-00C04F79EFBC}") = "SMchart", "SMchart\SMchart\SMchart.csproj", "{A042B9DC-3D6B-44B6-A907-EFD9E07C3102}"
EndProject
Project("{FAE04EC0-301F-11D3-BF4B-00C04F79EFBC}") = "SMchart.Desktop", "SMchart\SMchart.Desktop\SMchart.Desktop.csproj", "{124A0435-6398-4930-BE5C-14B9B3797E73}"
EndProject
Project("{FAE04EC0-301F-11D3-BF4B-00C04F79EFBC}") = "SMchart.Web", "SMchart\SMchart.Web\SMchart.Web.csproj", "{B5383E9D-33A0-4D67-9083-822B011D5962}"
EndProject
Global
	GlobalSection(SolutionConfigurationPlatforms) = preSolution
		Debug|Any CPU = Debug|Any CPU
		Release|Any CPU = Release|Any CPU
	EndGlobalSection
	GlobalSection(ProjectConfigurationPlatforms) = postSolution
		{A042B9DC-3D6B-44B6-A907-EFD9E07C3102}.Debug|Any CPU.ActiveCfg = Debug|Any CPU
		{A042B9DC-3D6B-44B6-A907-EFD9E07C3102}.Debug|Any CPU.Build.0 = Debug|Any CPU
		{A042B9DC-3D6B-44B6-A907-EFD9E07C3102}.Release|Any CPU.ActiveCfg = Release|Any CPU
		{A042B9DC-3D6B-44B6-A907-EFD9E07C3102}.Release|Any CPU.Build.0 = Release|Any CPU
		{124A0435-6398-4930-BE5C-14B9B3797E73}.Debug|Any CPU.ActiveCfg = Debug|Any CPU
		{124A0435-6398-4930-BE5C-14B9B3797E73}.Debug|Any CPU.Build.0 = Debug|Any CPU
		{124A0435-6398-4930-BE5C-14B9B3797E73}.Release|Any CPU.ActiveCfg = Release|Any CPU
		{124A0435-6398-4930-BE5C-14B9B3797E73}.Release|Any CPU.Build.0 = Release|Any CPU
		{B5383E9D-33A0-4D67-9083-822B011D5962}.Debug|Any CPU.ActiveCfg = Debug|Any CPU
		{B5383E9D-33A0-4D67-9083-822B011D5962}.Debug|Any CPU.Build.0 = Debug|Any CPU
		{B5383E9D-33A0-4D67-9083-822B011D5962}.Release|Any CPU.ActiveCfg = Release|Any CPU
		{B5383E9D-33A0-4D67-9083-822B011D5962}.Release|Any CPU.Build.0 = Release|Any CPU
	EndGlobalSection
	GlobalSection(SolutionProperties) = preSolution
		HideSolutionNode = FALSE
	EndGlobalSection
	GlobalSection(ExtensibilityGlobals) = postSolution
		SolutionGuid = {FB83A36B-D20F-463E-9D3E-E6595767B472}
	EndGlobalSection
EndGlobal
